
Microsoft Visual Studio Solution File, Format Version 12.00
# Visual Studio Version 17
VisualStudioVersion = 17.7.34221.43
MinimumVisualStudioVersion = 10.0.40219.1
Project("{9A19103F-16F7-4668-BE54-9A1E7A4F7556}") = "Challenges", "Challenges\Challenges.csproj", "{4B804318-8504-4CCF-88B3-9296AAB7D51F}"
EndProject
Project("{2150E333-8FDC-42A3-9474-1A3956D46DE8}") = "Solution Items", "Solution Items", "{04ABED68-79D9-4252-A329-A01A139E663B}"
	ProjectSection(SolutionItems) = preProject
		.gitignore = .gitignore
	EndProjectSection
EndProject
Project("{FAE04EC0-301F-11D3-BF4B-00C04F79EFBC}") = "Challenges.Tests", "Challenges.Tests\Challenges.Tests.csproj", "{DCAF63FF-B220-4520-922B-E88E014DE3EB}"
EndProject
Global
	GlobalSection(SolutionConfigurationPlatforms) = preSolution
		Debug|Any CPU = Debug|Any CPU
		Release|Any CPU = Release|Any CPU
	EndGlobalSection
	GlobalSection(ProjectConfigurationPlatforms) = postSolution
		{4B804318-8504-4CCF-88B3-9296AAB7D51F}.Debug|Any CPU.ActiveCfg = Debug|Any CPU
		{4B804318-8504-4CCF-88B3-9296AAB7D51F}.Debug|Any CPU.Build.0 = Debug|Any CPU
		{4B804318-8504-4CCF-88B3-9296AAB7D51F}.Release|Any CPU.ActiveCfg = Release|Any CPU
		{4B804318-8504-4CCF-88B3-9296AAB7D51F}.Release|Any CPU.Build.0 = Release|Any CPU
		{DCAF63FF-B220-4520-922B-E88E014DE3EB}.Debug|Any CPU.ActiveCfg = Debug|Any CPU
		{DCAF63FF-B220-4520-922B-E88E014DE3EB}.Debug|Any CPU.Build.0 = Debug|Any CPU
		{DCAF63FF-B220-4520-922B-E88E014DE3EB}.Release|Any CPU.ActiveCfg = Release|Any CPU
		{DCAF63FF-B220-4520-922B-E88E014DE3EB}.Release|Any CPU.Build.0 = Release|Any CPU
	EndGlobalSection
	GlobalSection(SolutionProperties) = preSolution
		HideSolutionNode = FALSE
	EndGlobalSection
	GlobalSection(ExtensibilityGlobals) = postSolution
		SolutionGuid = {B30C5E78-3B12-443D-A070-8B9A6E419AE1}
	EndGlobalSection
EndGlobal
